// !$*UTF8*$!
{
	archiveVersion = 1;
	classes = {
	};
	objectVersion = 56;
	objects = {

/* Begin PBXBuildFile section */
		F44F6ED92BA8B05F0061050E /* TransactionType.swift in Sources */ = {isa = PBXBuildFile; fileRef = F44F6ED82BA8B05F0061050E /* TransactionType.swift */; };
		F44F6EDB2BA8C8110061050E /* AddTransactionDelegate.swift in Sources */ = {isa = PBXBuildFile; fileRef = F44F6EDA2BA8C8110061050E /* AddTransactionDelegate.swift */; };
		F44F6EDD2BA8C9940061050E /* StorageService.swift in Sources */ = {isa = PBXBuildFile; fileRef = F44F6EDC2BA8C9940061050E /* StorageService.swift */; };
		F48431C52BA8499500D2CCD4 /* Bitcoin.swift in Sources */ = {isa = PBXBuildFile; fileRef = F48431C32BA8499500D2CCD4 /* Bitcoin.swift */; };
		F4BFAFFF2BA5B684008F7ACE /* AppDelegate.swift in Sources */ = {isa = PBXBuildFile; fileRef = F4BFAFFE2BA5B684008F7ACE /* AppDelegate.swift */; };
		F4BFB0012BA5B684008F7ACE /* SceneDelegate.swift in Sources */ = {isa = PBXBuildFile; fileRef = F4BFB0002BA5B684008F7ACE /* SceneDelegate.swift */; };
		F4BFB0032BA5B684008F7ACE /* MainViewController.swift in Sources */ = {isa = PBXBuildFile; fileRef = F4BFB0022BA5B684008F7ACE /* MainViewController.swift */; };
		F4BFB0082BA5B686008F7ACE /* Assets.xcassets in Resources */ = {isa = PBXBuildFile; fileRef = F4BFB0072BA5B686008F7ACE /* Assets.xcassets */; };
		F4BFB00B2BA5B686008F7ACE /* LaunchScreen.storyboard in Resources */ = {isa = PBXBuildFile; fileRef = F4BFB0092BA5B686008F7ACE /* LaunchScreen.storyboard */; };
		F4BFB0152BA5E4E6008F7ACE /* NetworkService.swift in Sources */ = {isa = PBXBuildFile; fileRef = F4BFB0142BA5E4E6008F7ACE /* NetworkService.swift */; };
		F4BFB0172BA5F2F2008F7ACE /* EndpointPath.swift in Sources */ = {isa = PBXBuildFile; fileRef = F4BFB0162BA5F2F2008F7ACE /* EndpointPath.swift */; };
		F4BFB01B2BA5F344008F7ACE /* Extensions.swift in Sources */ = {isa = PBXBuildFile; fileRef = F4BFB01A2BA5F344008F7ACE /* Extensions.swift */; };
		F4BFB0202BA5F38F008F7ACE /* BitcoinCurrentPriceResponse.swift in Sources */ = {isa = PBXBuildFile; fileRef = F4BFB01F2BA5F38F008F7ACE /* BitcoinCurrentPriceResponse.swift */; };
		F4BFB0272BA60D43008F7ACE /* Transactions.xcdatamodeld in Sources */ = {isa = PBXBuildFile; fileRef = F4BFB0252BA60D43008F7ACE /* Transactions.xcdatamodeld */; };
		F4BFB02A2BA6105B008F7ACE /* Transaction.swift in Sources */ = {isa = PBXBuildFile; fileRef = F4BFB0282BA6105B008F7ACE /* Transaction.swift */; };
		F4BFB0502BA6126C008F7ACE /* ExpenseCategory.swift in Sources */ = {isa = PBXBuildFile; fileRef = F4BFB04F2BA6126C008F7ACE /* ExpenseCategory.swift */; };
		F4BFB0532BA62639008F7ACE /* BalanceView.swift in Sources */ = {isa = PBXBuildFile; fileRef = F4BFB0522BA62639008F7ACE /* BalanceView.swift */; };
		F4BFB0552BA70252008F7ACE /* SubtitleTableViewCell.swift in Sources */ = {isa = PBXBuildFile; fileRef = F4BFB0542BA70252008F7ACE /* SubtitleTableViewCell.swift */; };
		F4BFB0572BA70260008F7ACE /* GroupedSection.swift in Sources */ = {isa = PBXBuildFile; fileRef = F4BFB0562BA70260008F7ACE /* GroupedSection.swift */; };
		F4BFB0592BA76D47008F7ACE /* AddTransactionViewController.swift in Sources */ = {isa = PBXBuildFile; fileRef = F4BFB0582BA76D47008F7ACE /* AddTransactionViewController.swift */; };
/* End PBXBuildFile section */

/* Begin PBXFileReference section */
		F44F6ED82BA8B05F0061050E /* TransactionType.swift */ = {isa = PBXFileReference; lastKnownFileType = sourcecode.swift; path = TransactionType.swift; sourceTree = "<group>"; };
		F44F6EDA2BA8C8110061050E /* AddTransactionDelegate.swift */ = {isa = PBXFileReference; lastKnownFileType = sourcecode.swift; path = AddTransactionDelegate.swift; sourceTree = "<group>"; };
		F44F6EDC2BA8C9940061050E /* StorageService.swift */ = {isa = PBXFileReference; lastKnownFileType = sourcecode.swift; path = StorageService.swift; sourceTree = "<group>"; };
		F48431C32BA8499500D2CCD4 /* Bitcoin.swift */ = {isa = PBXFileReference; lastKnownFileType = sourcecode.swift; path = Bitcoin.swift; sourceTree = "<group>"; };
		F4BFAFFB2BA5B684008F7ACE /* Transactions.app */ = {isa = PBXFileReference; explicitFileType = wrapper.application; includeInIndex = 0; path = Transactions.app; sourceTree = BUILT_PRODUCTS_DIR; };
		F4BFAFFE2BA5B684008F7ACE /* AppDelegate.swift */ = {isa = PBXFileReference; lastKnownFileType = sourcecode.swift; path = AppDelegate.swift; sourceTree = "<group>"; };
		F4BFB0002BA5B684008F7ACE /* SceneDelegate.swift */ = {isa = PBXFileReference; lastKnownFileType = sourcecode.swift; path = SceneDelegate.swift; sourceTree = "<group>"; };
		F4BFB0022BA5B684008F7ACE /* MainViewController.swift */ = {isa = PBXFileReference; lastKnownFileType = sourcecode.swift; path = MainViewController.swift; sourceTree = "<group>"; };
		F4BFB0072BA5B686008F7ACE /* Assets.xcassets */ = {isa = PBXFileReference; lastKnownFileType = folder.assetcatalog; path = Assets.xcassets; sourceTree = "<group>"; };
		F4BFB00A2BA5B686008F7ACE /* Base */ = {isa = PBXFileReference; lastKnownFileType = file.storyboard; name = Base; path = Base.lproj/LaunchScreen.storyboard; sourceTree = "<group>"; };
		F4BFB00C2BA5B686008F7ACE /* Info.plist */ = {isa = PBXFileReference; lastKnownFileType = text.plist.xml; path = Info.plist; sourceTree = "<group>"; };
		F4BFB0142BA5E4E6008F7ACE /* NetworkService.swift */ = {isa = PBXFileReference; lastKnownFileType = sourcecode.swift; path = NetworkService.swift; sourceTree = "<group>"; };
		F4BFB0162BA5F2F2008F7ACE /* EndpointPath.swift */ = {isa = PBXFileReference; lastKnownFileType = sourcecode.swift; path = EndpointPath.swift; sourceTree = "<group>"; };
		F4BFB01A2BA5F344008F7ACE /* Extensions.swift */ = {isa = PBXFileReference; lastKnownFileType = sourcecode.swift; path = Extensions.swift; sourceTree = "<group>"; };
		F4BFB01F2BA5F38F008F7ACE /* BitcoinCurrentPriceResponse.swift */ = {isa = PBXFileReference; lastKnownFileType = sourcecode.swift; path = BitcoinCurrentPriceResponse.swift; sourceTree = "<group>"; };
		F4BFB0262BA60D43008F7ACE /* Transactions.xcdatamodel */ = {isa = PBXFileReference; lastKnownFileType = wrapper.xcdatamodel; path = Transactions.xcdatamodel; sourceTree = "<group>"; };
		F4BFB0282BA6105B008F7ACE /* Transaction.swift */ = {isa = PBXFileReference; lastKnownFileType = sourcecode.swift; path = Transaction.swift; sourceTree = "<group>"; };
		F4BFB04F2BA6126C008F7ACE /* ExpenseCategory.swift */ = {isa = PBXFileReference; lastKnownFileType = sourcecode.swift; path = ExpenseCategory.swift; sourceTree = "<group>"; };
		F4BFB0522BA62639008F7ACE /* BalanceView.swift */ = {isa = PBXFileReference; lastKnownFileType = sourcecode.swift; path = BalanceView.swift; sourceTree = "<group>"; };
		F4BFB0542BA70252008F7ACE /* SubtitleTableViewCell.swift */ = {isa = PBXFileReference; lastKnownFileType = sourcecode.swift; path = SubtitleTableViewCell.swift; sourceTree = "<group>"; };
		F4BFB0562BA70260008F7ACE /* GroupedSection.swift */ = {isa = PBXFileReference; lastKnownFileType = sourcecode.swift; path = GroupedSection.swift; sourceTree = "<group>"; };
		F4BFB0582BA76D47008F7ACE /* AddTransactionViewController.swift */ = {isa = PBXFileReference; lastKnownFileType = sourcecode.swift; path = AddTransactionViewController.swift; sourceTree = "<group>"; };
/* End PBXFileReference section */

/* Begin PBXFrameworksBuildPhase section */
		F4BFAFF82BA5B684008F7ACE /* Frameworks */ = {
			isa = PBXFrameworksBuildPhase;
			buildActionMask = 2147483647;
			files = (
			);
			runOnlyForDeploymentPostprocessing = 0;
		};
/* End PBXFrameworksBuildPhase section */

/* Begin PBXGroup section */
		F4BFAFF22BA5B684008F7ACE = {
			isa = PBXGroup;
			children = (
				F4BFAFFD2BA5B684008F7ACE /* Transactions */,
				F4BFAFFC2BA5B684008F7ACE /* Products */,
			);
			sourceTree = "<group>";
		};
		F4BFAFFC2BA5B684008F7ACE /* Products */ = {
			isa = PBXGroup;
			children = (
				F4BFAFFB2BA5B684008F7ACE /* Transactions.app */,
			);
			name = Products;
			sourceTree = "<group>";
		};
		F4BFAFFD2BA5B684008F7ACE /* Transactions */ = {
			isa = PBXGroup;
			children = (
				F4BFB0212BA5F3C9008F7ACE /* Delegates */,
				F4BFB0182BA5F2FC008F7ACE /* Network */,
				F4BFB01E2BA5F389008F7ACE /* Models */,
				F4BFB0512BA625E0008F7ACE /* Views */,
				F4BFB0222BA5F3D7008F7ACE /* Controllers */,
				F4BFB0242BA60D1E008F7ACE /* Storage */,
				F4BFB0192BA5F335008F7ACE /* Helpers */,
				F4BFB0232BA5F3E2008F7ACE /* Launch */,
				F4BFB0072BA5B686008F7ACE /* Assets.xcassets */,
				F4BFB00C2BA5B686008F7ACE /* Info.plist */,
			);
			path = Transactions;
			sourceTree = "<group>";
		};
		F4BFB0182BA5F2FC008F7ACE /* Network */ = {
			isa = PBXGroup;
			children = (
				F4BFB0162BA5F2F2008F7ACE /* EndpointPath.swift */,
				F4BFB0142BA5E4E6008F7ACE /* NetworkService.swift */,
			);
			path = Network;
			sourceTree = "<group>";
		};
		F4BFB0192BA5F335008F7ACE /* Helpers */ = {
			isa = PBXGroup;
			children = (
				F4BFB01A2BA5F344008F7ACE /* Extensions.swift */,
			);
			path = Helpers;
			sourceTree = "<group>";
		};
		F4BFB01E2BA5F389008F7ACE /* Models */ = {
			isa = PBXGroup;
			children = (
				F44F6ED82BA8B05F0061050E /* TransactionType.swift */,
				F4BFB04F2BA6126C008F7ACE /* ExpenseCategory.swift */,
				F4BFB0562BA70260008F7ACE /* GroupedSection.swift */,
				F4BFB01F2BA5F38F008F7ACE /* BitcoinCurrentPriceResponse.swift */,
			);
			path = Models;
			sourceTree = "<group>";
		};
		F4BFB0212BA5F3C9008F7ACE /* Delegates */ = {
			isa = PBXGroup;
			children = (
				F4BFAFFE2BA5B684008F7ACE /* AppDelegate.swift */,
				F4BFB0002BA5B684008F7ACE /* SceneDelegate.swift */,
				F44F6EDA2BA8C8110061050E /* AddTransactionDelegate.swift */,
			);
			path = Delegates;
			sourceTree = "<group>";
		};
		F4BFB0222BA5F3D7008F7ACE /* Controllers */ = {
			isa = PBXGroup;
			children = (
				F4BFB0022BA5B684008F7ACE /* MainViewController.swift */,
				F4BFB0582BA76D47008F7ACE /* AddTransactionViewController.swift */,
			);
			path = Controllers;
			sourceTree = "<group>";
		};
		F4BFB0232BA5F3E2008F7ACE /* Launch */ = {
			isa = PBXGroup;
			children = (
				F4BFB0092BA5B686008F7ACE /* LaunchScreen.storyboard */,
			);
			path = Launch;
			sourceTree = "<group>";
		};
		F4BFB0242BA60D1E008F7ACE /* Storage */ = {
			isa = PBXGroup;
			children = (
				F48431C32BA8499500D2CCD4 /* Bitcoin.swift */,
				F4BFB0282BA6105B008F7ACE /* Transaction.swift */,
				F44F6EDC2BA8C9940061050E /* StorageService.swift */,
				F4BFB0252BA60D43008F7ACE /* Transactions.xcdatamodeld */,
			);
			path = Storage;
			sourceTree = "<group>";
		};
		F4BFB0512BA625E0008F7ACE /* Views */ = {
			isa = PBXGroup;
			children = (
				F4BFB0522BA62639008F7ACE /* BalanceView.swift */,
				F4BFB0542BA70252008F7ACE /* SubtitleTableViewCell.swift */,
			);
			path = Views;
			sourceTree = "<group>";
		};
/* End PBXGroup section */

/* Begin PBXNativeTarget section */
		F4BFAFFA2BA5B684008F7ACE /* Transactions */ = {
			isa = PBXNativeTarget;
			buildConfigurationList = F4BFB00F2BA5B686008F7ACE /* Build configuration list for PBXNativeTarget "Transactions" */;
			buildPhases = (
				F4BFAFF72BA5B684008F7ACE /* Sources */,
				F4BFAFF82BA5B684008F7ACE /* Frameworks */,
				F4BFAFF92BA5B684008F7ACE /* Resources */,
			);
			buildRules = (
			);
			dependencies = (
			);
			name = Transactions;
			productName = Transactions;
			productReference = F4BFAFFB2BA5B684008F7ACE /* Transactions.app */;
			productType = "com.apple.product-type.application";
		};
/* End PBXNativeTarget section */

/* Begin PBXProject section */
		F4BFAFF32BA5B684008F7ACE /* Project object */ = {
			isa = PBXProject;
			attributes = {
				BuildIndependentTargetsInParallel = 1;
				LastSwiftUpdateCheck = 1520;
				LastUpgradeCheck = 1520;
				TargetAttributes = {
					F4BFAFFA2BA5B684008F7ACE = {
						CreatedOnToolsVersion = 15.2;
					};
				};
			};
			buildConfigurationList = F4BFAFF62BA5B684008F7ACE /* Build configuration list for PBXProject "Transactions" */;
			compatibilityVersion = "Xcode 14.0";
			developmentRegion = en;
			hasScannedForEncodings = 0;
			knownRegions = (
				en,
				Base,
			);
			mainGroup = F4BFAFF22BA5B684008F7ACE;
			productRefGroup = F4BFAFFC2BA5B684008F7ACE /* Products */;
			projectDirPath = "";
			projectRoot = "";
			targets = (
				F4BFAFFA2BA5B684008F7ACE /* Transactions */,
			);
		};
/* End PBXProject section */

/* Begin PBXResourcesBuildPhase section */
		F4BFAFF92BA5B684008F7ACE /* Resources */ = {
			isa = PBXResourcesBuildPhase;
			buildActionMask = 2147483647;
			files = (
				F4BFB00B2BA5B686008F7ACE /* LaunchScreen.storyboard in Resources */,
				F4BFB0082BA5B686008F7ACE /* Assets.xcassets in Resources */,
			);
			runOnlyForDeploymentPostprocessing = 0;
		};
/* End PBXResourcesBuildPhase section */

/* Begin PBXSourcesBuildPhase section */
		F4BFAFF72BA5B684008F7ACE /* Sources */ = {
			isa = PBXSourcesBuildPhase;
			buildActionMask = 2147483647;
			files = (
				F48431C52BA8499500D2CCD4 /* Bitcoin.swift in Sources */,
				F4BFB0032BA5B684008F7ACE /* MainViewController.swift in Sources */,
				F4BFB0502BA6126C008F7ACE /* ExpenseCategory.swift in Sources */,
				F4BFB0532BA62639008F7ACE /* BalanceView.swift in Sources */,
				F4BFB01B2BA5F344008F7ACE /* Extensions.swift in Sources */,
				F44F6EDB2BA8C8110061050E /* AddTransactionDelegate.swift in Sources */,
				F4BFB0272BA60D43008F7ACE /* Transactions.xcdatamodeld in Sources */,
				F44F6EDD2BA8C9940061050E /* StorageService.swift in Sources */,
				F4BFB0592BA76D47008F7ACE /* AddTransactionViewController.swift in Sources */,
				F4BFAFFF2BA5B684008F7ACE /* AppDelegate.swift in Sources */,
				F44F6ED92BA8B05F0061050E /* TransactionType.swift in Sources */,
				F4BFB02A2BA6105B008F7ACE /* Transaction.swift in Sources */,
				F4BFB0202BA5F38F008F7ACE /* BitcoinCurrentPriceResponse.swift in Sources */,
				F4BFB0152BA5E4E6008F7ACE /* NetworkService.swift in Sources */,
				F4BFB0552BA70252008F7ACE /* SubtitleTableViewCell.swift in Sources */,
				F4BFB0572BA70260008F7ACE /* GroupedSection.swift in Sources */,
				F4BFB0012BA5B684008F7ACE /* SceneDelegate.swift in Sources */,
				F4BFB0172BA5F2F2008F7ACE /* EndpointPath.swift in Sources */,
			);
			runOnlyForDeploymentPostprocessing = 0;
		};
/* End PBXSourcesBuildPhase section */

/* Begin PBXVariantGroup section */
		F4BFB0092BA5B686008F7ACE /* LaunchScreen.storyboard */ = {
			isa = PBXVariantGroup;
			children = (
				F4BFB00A2BA5B686008F7ACE /* Base */,
			);
			name = LaunchScreen.storyboard;
			sourceTree = "<group>";
		};
/* End PBXVariantGroup section */

/* Begin XCBuildConfiguration section */
		F4BFB00D2BA5B686008F7ACE /* Debug */ = {
			isa = XCBuildConfiguration;
			buildSettings = {
				ALWAYS_SEARCH_USER_PATHS = NO;
				ASSETCATALOG_COMPILER_GENERATE_SWIFT_ASSET_SYMBOL_EXTENSIONS = YES;
				CLANG_ANALYZER_NONNULL = YES;
				CLANG_ANALYZER_NUMBER_OBJECT_CONVERSION = YES_AGGRESSIVE;
				CLANG_CXX_LANGUAGE_STANDARD = "gnu++20";
				CLANG_ENABLE_MODULES = YES;
				CLANG_ENABLE_OBJC_ARC = YES;
				CLANG_ENABLE_OBJC_WEAK = YES;
				CLANG_WARN_BLOCK_CAPTURE_AUTORELEASING = YES;
				CLANG_WARN_BOOL_CONVERSION = YES;
				CLANG_WARN_COMMA = YES;
				CLANG_WARN_CONSTANT_CONVERSION = YES;
				CLANG_WARN_DEPRECATED_OBJC_IMPLEMENTATIONS = YES;
				CLANG_WARN_DIRECT_OBJC_ISA_USAGE = YES_ERROR;
				CLANG_WARN_DOCUMENTATION_COMMENTS = YES;
				CLANG_WARN_EMPTY_BODY = YES;
				CLANG_WARN_ENUM_CONVERSION = YES;
				CLANG_WARN_INFINITE_RECURSION = YES;
				CLANG_WARN_INT_CONVERSION = YES;
				CLANG_WARN_NON_LITERAL_NULL_CONVERSION = YES;
				CLANG_WARN_OBJC_IMPLICIT_RETAIN_SELF = YES;
				CLANG_WARN_OBJC_LITERAL_CONVERSION = YES;
				CLANG_WARN_OBJC_ROOT_CLASS = YES_ERROR;
				CLANG_WARN_QUOTED_INCLUDE_IN_FRAMEWORK_HEADER = YES;
				CLANG_WARN_RANGE_LOOP_ANALYSIS = YES;
				CLANG_WARN_STRICT_PROTOTYPES = YES;
				CLANG_WARN_SUSPICIOUS_MOVE = YES;
				CLANG_WARN_UNGUARDED_AVAILABILITY = YES_AGGRESSIVE;
				CLANG_WARN_UNREACHABLE_CODE = YES;
				CLANG_WARN__DUPLICATE_METHOD_MATCH = YES;
				COPY_PHASE_STRIP = NO;
				DEBUG_INFORMATION_FORMAT = dwarf;
				ENABLE_STRICT_OBJC_MSGSEND = YES;
				ENABLE_TESTABILITY = YES;
				ENABLE_USER_SCRIPT_SANDBOXING = YES;
				GCC_C_LANGUAGE_STANDARD = gnu17;
				GCC_DYNAMIC_NO_PIC = NO;
				GCC_NO_COMMON_BLOCKS = YES;
				GCC_OPTIMIZATION_LEVEL = 0;
				GCC_PREPROCESSOR_DEFINITIONS = (
					"DEBUG=1",
					"$(inherited)",
				);
				GCC_WARN_64_TO_32_BIT_CONVERSION = YES;
				GCC_WARN_ABOUT_RETURN_TYPE = YES_ERROR;
				GCC_WARN_UNDECLARED_SELECTOR = YES;
				GCC_WARN_UNINITIALIZED_AUTOS = YES_AGGRESSIVE;
				GCC_WARN_UNUSED_FUNCTION = YES;
				GCC_WARN_UNUSED_VARIABLE = YES;
				IPHONEOS_DEPLOYMENT_TARGET = 17.2;
				LOCALIZATION_PREFERS_STRING_CATALOGS = YES;
				MTL_ENABLE_DEBUG_INFO = INCLUDE_SOURCE;
				MTL_FAST_MATH = YES;
				ONLY_ACTIVE_ARCH = YES;
				SDKROOT = iphoneos;
				SWIFT_ACTIVE_COMPILATION_CONDITIONS = "DEBUG $(inherited)";
				SWIFT_OPTIMIZATION_LEVEL = "-Onone";
			};
			name = Debug;
		};
		F4BFB00E2BA5B686008F7ACE /* Release */ = {
			isa = XCBuildConfiguration;
			buildSettings = {
				ALWAYS_SEARCH_USER_PATHS = NO;
				ASSETCATALOG_COMPILER_GENERATE_SWIFT_ASSET_SYMBOL_EXTENSIONS = YES;
				CLANG_ANALYZER_NONNULL = YES;
				CLANG_ANALYZER_NUMBER_OBJECT_CONVERSION = YES_AGGRESSIVE;
				CLANG_CXX_LANGUAGE_STANDARD = "gnu++20";
				CLANG_ENABLE_MODULES = YES;
				CLANG_ENABLE_OBJC_ARC = YES;
				CLANG_ENABLE_OBJC_WEAK = YES;
				CLANG_WARN_BLOCK_CAPTURE_AUTORELEASING = YES;
				CLANG_WARN_BOOL_CONVERSION = YES;
				CLANG_WARN_COMMA = YES;
				CLANG_WARN_CONSTANT_CONVERSION = YES;
				CLANG_WARN_DEPRECATED_OBJC_IMPLEMENTATIONS = YES;
				CLANG_WARN_DIRECT_OBJC_ISA_USAGE = YES_ERROR;
				CLANG_WARN_DOCUMENTATION_COMMENTS = YES;
				CLANG_WARN_EMPTY_BODY = YES;
				CLANG_WARN_ENUM_CONVERSION = YES;
				CLANG_WARN_INFINITE_RECURSION = YES;
				CLANG_WARN_INT_CONVERSION = YES;
				CLANG_WARN_NON_LITERAL_NULL_CONVERSION = YES;
				CLANG_WARN_OBJC_IMPLICIT_RETAIN_SELF = YES;
				CLANG_WARN_OBJC_LITERAL_CONVERSION = YES;
				CLANG_WARN_OBJC_ROOT_CLASS = YES_ERROR;
				CLANG_WARN_QUOTED_INCLUDE_IN_FRAMEWORK_HEADER = YES;
				CLANG_WARN_RANGE_LOOP_ANALYSIS = YES;
				CLANG_WARN_STRICT_PROTOTYPES = YES;
				CLANG_WARN_SUSPICIOUS_MOVE = YES;
				CLANG_WARN_UNGUARDED_AVAILABILITY = YES_AGGRESSIVE;
				CLANG_WARN_UNREACHABLE_CODE = YES;
				CLANG_WARN__DUPLICATE_METHOD_MATCH = YES;
				COPY_PHASE_STRIP = NO;
				DEBUG_INFORMATION_FORMAT = "dwarf-with-dsym";
				ENABLE_NS_ASSERTIONS = NO;
				ENABLE_STRICT_OBJC_MSGSEND = YES;
				ENABLE_USER_SCRIPT_SANDBOXING = YES;
				GCC_C_LANGUAGE_STANDARD = gnu17;
				GCC_NO_COMMON_BLOCKS = YES;
				GCC_WARN_64_TO_32_BIT_CONVERSION = YES;
				GCC_WARN_ABOUT_RETURN_TYPE = YES_ERROR;
				GCC_WARN_UNDECLARED_SELECTOR = YES;
				GCC_WARN_UNINITIALIZED_AUTOS = YES_AGGRESSIVE;
				GCC_WARN_UNUSED_FUNCTION = YES;
				GCC_WARN_UNUSED_VARIABLE = YES;
				IPHONEOS_DEPLOYMENT_TARGET = 17.2;
				LOCALIZATION_PREFERS_STRING_CATALOGS = YES;
				MTL_ENABLE_DEBUG_INFO = NO;
				MTL_FAST_MATH = YES;
				SDKROOT = iphoneos;
				SWIFT_COMPILATION_MODE = wholemodule;
				VALIDATE_PRODUCT = YES;
			};
			name = Release;
		};
		F4BFB0102BA5B686008F7ACE /* Debug */ = {
			isa = XCBuildConfiguration;
			buildSettings = {
				ASSETCATALOG_COMPILER_APPICON_NAME = AppIcon;
				ASSETCATALOG_COMPILER_GLOBAL_ACCENT_COLOR_NAME = AccentColor;
				CODE_SIGN_STYLE = Automatic;
				CURRENT_PROJECT_VERSION = 1;
				DEVELOPMENT_TEAM = BJBR5CVTQD;
				GENERATE_INFOPLIST_FILE = YES;
				INFOPLIST_FILE = Transactions/Info.plist;
				INFOPLIST_KEY_UIApplicationSupportsIndirectInputEvents = YES;
				INFOPLIST_KEY_UILaunchStoryboardName = LaunchScreen.storyboard;
				INFOPLIST_KEY_UISupportedInterfaceOrientations = "UIInterfaceOrientationLandscapeLeft UIInterfaceOrientationLandscapeRight UIInterfaceOrientationPortrait UIInterfaceOrientationPortraitUpsideDown";
				LD_RUNPATH_SEARCH_PATHS = (
					"$(inherited)",
					"@executable_path/Frameworks",
				);
				MARKETING_VERSION = 1.0;
				PRODUCT_BUNDLE_IDENTIFIER = myronishyn.ihor.Transactions;
				PRODUCT_NAME = "$(TARGET_NAME)";
				SWIFT_EMIT_LOC_STRINGS = YES;
				SWIFT_VERSION = 5.0;
				TARGETED_DEVICE_FAMILY = "1,2";
			};
			name = Debug;
		};
		F4BFB0112BA5B686008F7ACE /* Release */ = {
			isa = XCBuildConfiguration;
			buildSettings = {
				ASSETCATALOG_COMPILER_APPICON_NAME = AppIcon;
				ASSETCATALOG_COMPILER_GLOBAL_ACCENT_COLOR_NAME = AccentColor;
				CODE_SIGN_STYLE = Automatic;
				CURRENT_PROJECT_VERSION = 1;
				DEVELOPMENT_TEAM = BJBR5CVTQD;
				GENERATE_INFOPLIST_FILE = YES;
				INFOPLIST_FILE = Transactions/Info.plist;
				INFOPLIST_KEY_UIApplicationSupportsIndirectInputEvents = YES;
				INFOPLIST_KEY_UILaunchStoryboardName = LaunchScreen.storyboard;
				INFOPLIST_KEY_UISupportedInterfaceOrientations = "UIInterfaceOrientationLandscapeLeft UIInterfaceOrientationLandscapeRight UIInterfaceOrientationPortrait UIInterfaceOrientationPortraitUpsideDown";
				LD_RUNPATH_SEARCH_PATHS = (
					"$(inherited)",
					"@executable_path/Frameworks",
				);
				MARKETING_VERSION = 1.0;
				PRODUCT_BUNDLE_IDENTIFIER = myronishyn.ihor.Transactions;
				PRODUCT_NAME = "$(TARGET_NAME)";
				SWIFT_EMIT_LOC_STRINGS = YES;
				SWIFT_VERSION = 5.0;
				TARGETED_DEVICE_FAMILY = "1,2";
			};
			name = Release;
		};
/* End XCBuildConfiguration section */

/* Begin XCConfigurationList section */
		F4BFAFF62BA5B684008F7ACE /* Build configuration list for PBXProject "Transactions" */ = {
			isa = XCConfigurationList;
			buildConfigurations = (
				F4BFB00D2BA5B686008F7ACE /* Debug */,
				F4BFB00E2BA5B686008F7ACE /* Release */,
			);
			defaultConfigurationIsVisible = 0;
			defaultConfigurationName = Release;
		};
		F4BFB00F2BA5B686008F7ACE /* Build configuration list for PBXNativeTarget "Transactions" */ = {
			isa = XCConfigurationList;
			buildConfigurations = (
				F4BFB0102BA5B686008F7ACE /* Debug */,
				F4BFB0112BA5B686008F7ACE /* Release */,
			);
			defaultConfigurationIsVisible = 0;
			defaultConfigurationName = Release;
		};
/* End XCConfigurationList section */

/* Begin XCVersionGroup section */
		F4BFB0252BA60D43008F7ACE /* Transactions.xcdatamodeld */ = {
			isa = XCVersionGroup;
			children = (
				F4BFB0262BA60D43008F7ACE /* Transactions.xcdatamodel */,
			);
			currentVersion = F4BFB0262BA60D43008F7ACE /* Transactions.xcdatamodel */;
			path = Transactions.xcdatamodeld;
			sourceTree = "<group>";
			versionGroupType = wrapper.xcdatamodel;
		};
/* End XCVersionGroup section */
	};
	rootObject = F4BFAFF32BA5B684008F7ACE /* Project object */;
}
